{
    "version": 3,
    "terraform_version": "0.11.14",
    "serial": 11,
    "lineage": "e0919f42-e5ca-381b-fa85-4ac0012ab5ec",
    "modules": [
        {
            "path": [
                "root"
            ],
            "outputs": {
                "public_ip": {
                    "sensitive": false,
                    "type": "string",
                    "value": "129.213.61.107"
                }
            },
            "resources": {},
            "depends_on": []
        },
        {
            "path": [
                "root",
                "compute"
            ],
            "outputs": {
                "public_ip": {
                    "sensitive": false,
                    "type": "string",
                    "value": "129.213.61.107"
                }
            },
            "resources": {
                "data.oci_identity_availability_domains.ads": {
                    "type": "oci_identity_availability_domains",
                    "depends_on": [],
                    "primary": {
                        "id": "2019-08-06 19:55:01.706534 +0000 UTC",
                        "attributes": {
                            "availability_domains.#": "3",
                            "availability_domains.0.compartment_id": "ocid1.compartment.oc1..aaaaaaaabsv7hnaozvjazwtzbid6kt2nsimfisb5nmsyhurqsctq5ipiizja",
                            "availability_domains.0.id": "ocid1.availabilitydomain.oc1..aaaaaaaauvt2n7pijol7uqgdnnsoojcukrijtmcltvfwxazmitk235wyohta",
                            "availability_domains.0.name": "UWQV:US-ASHBURN-AD-1",
                            "availability_domains.1.compartment_id": "ocid1.compartment.oc1..aaaaaaaabsv7hnaozvjazwtzbid6kt2nsimfisb5nmsyhurqsctq5ipiizja",
                            "availability_domains.1.id": "ocid1.availabilitydomain.oc1..aaaaaaaaztunlny6ae4yw2vghp5go2zceaonwp6wiioe3tnh2vlaxjjl2n3a",
                            "availability_domains.1.name": "UWQV:US-ASHBURN-AD-2",
                            "availability_domains.2.compartment_id": "ocid1.compartment.oc1..aaaaaaaabsv7hnaozvjazwtzbid6kt2nsimfisb5nmsyhurqsctq5ipiizja",
                            "availability_domains.2.id": "ocid1.availabilitydomain.oc1..aaaaaaaatrwxaogr7dl4yschqtrmqrdv6uzis3mgbnomiagqrfhcb7mxsfdq",
                            "availability_domains.2.name": "UWQV:US-ASHBURN-AD-3",
                            "compartment_id": "ocid1.compartment.oc1..aaaaaaaabsv7hnaozvjazwtzbid6kt2nsimfisb5nmsyhurqsctq5ipiizja",
                            "id": "2019-08-06 19:55:01.706534 +0000 UTC"
                        },
                        "meta": {},
                        "tainted": false
                    },
                    "deposed": [],
                    "provider": "provider.oci"
                },
                "data.template_file.init": {
                    "type": "template_file",
                    "depends_on": [],
                    "primary": {
                        "id": "0880b5f89beceb7547ee19b014f96d4785d68848da003a22f393e015f157df40",
                        "attributes": {
                            "id": "0880b5f89beceb7547ee19b014f96d4785d68848da003a22f393e015f157df40",
                            "rendered": "#!/bin/bash\nyum update -y;\nyum install -y yum-utils \\\ndevice-mapper-persistent-data \\\nlvm2\n\nyum-config-manager \\\n--add-repo \\\nhttps://download.docker.com/linux/centos/docker-ce.repo\n\nyum install -y docker-ce docker-ce-cli containerd.io\n\nset -o vi\n\nmkdir -p /etc/systemd/system/docker.service.d\n\n(\necho [service]\necho Environment=\"HTTP_PROXY=http://www-proxy-hqdc.us.oracle.com:80/\"\necho Environment=\"http_proxy=http://www-proxy-hqdc.us.oracle.com:80\"\necho Environment=\"HTTPS_PROXY=http://www-proxy-hqdc.us.oracle.com:80\"\necho Environment=\"https_proxy=http://www-proxy-hqdc.us.oracle.com:80/\"\necho Environment=\"NO_PROXY=localhost,oraclecorp.com\"\n)\u003e /etc/systemd/system/docker.service.d/http-proxy.conf\npause\n\n(\necho [Service]\necho ExecStart=\necho EnvironmentFile=-/etc/sysconfig/docker\necho EnvironmentFile=-/etc/sysconfig/docker-storage\necho EnvironmentFile=-/etc/sysconfig/docker-network\necho ExecStart=/usr/bin/dockerd -H unix:///var/run/docker.sock -H tcp://0.0.0.0:2375 --insecure-registry=oaa-dev-local.dockerhub-den.oraclecorp.com\n)\u003e /etc/systemd/system/docker.service.d/docker-sysconfig.conf\npause\n\nsystemctl start docker\ndocker pull oaa-dev-local.dockerhub-den.oraclecorp.com/cognitive-image-service:0.9.0\ndocker run -p 9090:80 -it oaa-dev-local.dockerhub-den.oraclecorp.com/cognitive-image-service:0.9.0\n",
                            "template": "#!/bin/bash\nyum update -y;\nyum install -y yum-utils \\\ndevice-mapper-persistent-data \\\nlvm2\n\nyum-config-manager \\\n--add-repo \\\nhttps://download.docker.com/linux/centos/docker-ce.repo\n\nyum install -y docker-ce docker-ce-cli containerd.io\n\nset -o vi\n\nmkdir -p /etc/systemd/system/docker.service.d\n\n(\necho [service]\necho Environment=\"HTTP_PROXY=http://www-proxy-hqdc.us.oracle.com:80/\"\necho Environment=\"http_proxy=http://www-proxy-hqdc.us.oracle.com:80\"\necho Environment=\"HTTPS_PROXY=http://www-proxy-hqdc.us.oracle.com:80\"\necho Environment=\"https_proxy=http://www-proxy-hqdc.us.oracle.com:80/\"\necho Environment=\"NO_PROXY=localhost,oraclecorp.com\"\n)\u003e /etc/systemd/system/docker.service.d/http-proxy.conf\npause\n\n(\necho [Service]\necho ExecStart=\necho EnvironmentFile=-/etc/sysconfig/docker\necho EnvironmentFile=-/etc/sysconfig/docker-storage\necho EnvironmentFile=-/etc/sysconfig/docker-network\necho ExecStart=/usr/bin/dockerd -H unix:///var/run/docker.sock -H tcp://0.0.0.0:2375 --insecure-registry=oaa-dev-local.dockerhub-den.oraclecorp.com\n)\u003e /etc/systemd/system/docker.service.d/docker-sysconfig.conf\npause\n\nsystemctl start docker\ndocker pull oaa-dev-local.dockerhub-den.oraclecorp.com/cognitive-image-service:0.9.0\ndocker run -p 9090:80 -it oaa-dev-local.dockerhub-den.oraclecorp.com/cognitive-image-service:0.9.0\n",
                            "vars.%": "7",
                            "vars.compartment_ocid": "ocid1.compartment.oc1..aaaaaaaabsv7hnaozvjazwtzbid6kt2nsimfisb5nmsyhurqsctq5ipiizja",
                            "vars.fingerprint": "f6:eb:7c:6d:b1:4f:43:49:cc:26:17:96:1b:a4:dc:08",
                            "vars.oci_public_key": "-----BEGIN RSA PRIVATE KEY-----\nMIIEowIBAAKCAQEAp6H7NGbFEEpDxTyaDxFgas4TAc+FhoZ0M3bOhQqf9g4L8pPy\nKCkJmDWQ8j+D/T3/rh4XUu2I+tf9b6bWiEU4b+nS7Bh7WLhghjoUIPafIHetX6Ug\nHnhorC3n5V7AS9ix4aj6XC/oCtqg3/o2VsLfR3ISL6wkacNbXMPaG8zf/WBqC0+g\nuCcI0ff6ydBomdsF0WoN1DKN4jKGNcLUPEjJG23p4UwUMHSeoxiP2DEEjDu3dcKA\nxIh3mNXxav0l/lJVimVys8J8qxTJPApI1aXJ2DJgHM8H8JsUCpwoqSiFdgUIVOI/\ngGutxTFy6oJ8Jk7uDrn/1WBpqaGwz5Ve4tJghQIDAQABAoIBABu2KWLmQlmJDV8D\nv6wSAVBmtLmt5rLwczE2yLkxonP4qnz1fCircAybflStr1Ij96p/CvgIkIZ3Qkw8\n1mY8mzHVA6tH+MwX3s0RuNYiLvgdEKopEAA5g4RDKny+hyeCsRVO6+RlfwScU8/y\n+xyopmSXNO5wlKxvQSE6t0m1OqoWC7PizVi36LmDstZzVO0eY2IVLSPRP2KttzvL\nMzW+JN21YKxmgIDt/Hk+qawYmUfsHjKTDpWbogarfZ7TYmwfMRH/r6Tcar+Jsxee\nYfV1HjpD1ZV+XpGQsJYU84Hg9jFylUyDBVnpbEd7E5g0pc170yVDSNsUlau7gNYx\n8FgbjhkCgYEAz0BzB17J8ATTwDlJouED7vLq0nOjH6lGDLa2+3KtcDCzyGuiE612\n+Uvi+J7tBt3U9lV7XttkrYc95MkXRyYZIkyBhJd+q7N8260nnkWN1wR3Hqdblznv\n4yycMEpmlnw/S72fSrioKdAXXPsQzFov1W3mzBLXUFpAOdnbOUbGt/cCgYEAzw/l\nB3kXf4IJnSR9Pade5hZL1TpRopYvra5vulSoL/J4w1NfsKh0kAuRlOPc4ygnYLO+\nDhf3zNmOfwm/p/EXMWr1C9K6ojq8xll+3bNSss5jyJZL+lUMxsDaLEmrS3+XK1bX\nKZfrccnsOCrjxNMHsDVNLIVNNFWjbJ4LRvkZpGMCgYEApI6DxuJYbJ8okoPqF82a\nFewCzz7J0qXQ3N9mwpf3ZhEFbqknc4BT6vV6LfXiNYWFRmHxJwwEEFRFrJaOSQvT\nAQzF+cVf6m0FQldmEaEgUg1Vl51Cd/ykoDgXe7BXbD0S9MyG4glkXG7BXi5q1Bb3\ny/sLOhXrp/1A6a41BnFP71kCgYBFvSu9VZqFdo24YIbSEiITSqUl3uuJ4B2U2LCG\nyGaRJ5Bm8RjEjigcL9lLlWdbFrYUitVTN91dIFUvEmB7tubB3S1FWydC5peYEqJ5\nFyGeWYcgEwbp/GU+N8wDqJhJ6GJI1YnIV4OUIpct37wxGYZ4YatpeEglfUZ6mcxg\njhuF0wKBgA9hrOYF97/Py30zUuVzg/TXVVQOuqTOczvNTG84ZTvPQnrPPpM3Z9l5\ndUce4Ps6ZMWroa58IoPkHF+GpHzkj8ZkLCWXImBZqgJDAj5iMg5zS/8EeJfv1K4z\n7RmLk2xFNDtH5jLKOYDFIpZsyQ/7cDtf2swDbwV/+MzoH1jxaChw\n-----END RSA PRIVATE KEY-----\n",
                            "vars.private_key_path": "-----BEGIN RSA PRIVATE KEY-----\nMIIEowIBAAKCAQEAp6H7NGbFEEpDxTyaDxFgas4TAc+FhoZ0M3bOhQqf9g4L8pPy\nKCkJmDWQ8j+D/T3/rh4XUu2I+tf9b6bWiEU4b+nS7Bh7WLhghjoUIPafIHetX6Ug\nHnhorC3n5V7AS9ix4aj6XC/oCtqg3/o2VsLfR3ISL6wkacNbXMPaG8zf/WBqC0+g\nuCcI0ff6ydBomdsF0WoN1DKN4jKGNcLUPEjJG23p4UwUMHSeoxiP2DEEjDu3dcKA\nxIh3mNXxav0l/lJVimVys8J8qxTJPApI1aXJ2DJgHM8H8JsUCpwoqSiFdgUIVOI/\ngGutxTFy6oJ8Jk7uDrn/1WBpqaGwz5Ve4tJghQIDAQABAoIBABu2KWLmQlmJDV8D\nv6wSAVBmtLmt5rLwczE2yLkxonP4qnz1fCircAybflStr1Ij96p/CvgIkIZ3Qkw8\n1mY8mzHVA6tH+MwX3s0RuNYiLvgdEKopEAA5g4RDKny+hyeCsRVO6+RlfwScU8/y\n+xyopmSXNO5wlKxvQSE6t0m1OqoWC7PizVi36LmDstZzVO0eY2IVLSPRP2KttzvL\nMzW+JN21YKxmgIDt/Hk+qawYmUfsHjKTDpWbogarfZ7TYmwfMRH/r6Tcar+Jsxee\nYfV1HjpD1ZV+XpGQsJYU84Hg9jFylUyDBVnpbEd7E5g0pc170yVDSNsUlau7gNYx\n8FgbjhkCgYEAz0BzB17J8ATTwDlJouED7vLq0nOjH6lGDLa2+3KtcDCzyGuiE612\n+Uvi+J7tBt3U9lV7XttkrYc95MkXRyYZIkyBhJd+q7N8260nnkWN1wR3Hqdblznv\n4yycMEpmlnw/S72fSrioKdAXXPsQzFov1W3mzBLXUFpAOdnbOUbGt/cCgYEAzw/l\nB3kXf4IJnSR9Pade5hZL1TpRopYvra5vulSoL/J4w1NfsKh0kAuRlOPc4ygnYLO+\nDhf3zNmOfwm/p/EXMWr1C9K6ojq8xll+3bNSss5jyJZL+lUMxsDaLEmrS3+XK1bX\nKZfrccnsOCrjxNMHsDVNLIVNNFWjbJ4LRvkZpGMCgYEApI6DxuJYbJ8okoPqF82a\nFewCzz7J0qXQ3N9mwpf3ZhEFbqknc4BT6vV6LfXiNYWFRmHxJwwEEFRFrJaOSQvT\nAQzF+cVf6m0FQldmEaEgUg1Vl51Cd/ykoDgXe7BXbD0S9MyG4glkXG7BXi5q1Bb3\ny/sLOhXrp/1A6a41BnFP71kCgYBFvSu9VZqFdo24YIbSEiITSqUl3uuJ4B2U2LCG\nyGaRJ5Bm8RjEjigcL9lLlWdbFrYUitVTN91dIFUvEmB7tubB3S1FWydC5peYEqJ5\nFyGeWYcgEwbp/GU+N8wDqJhJ6GJI1YnIV4OUIpct37wxGYZ4YatpeEglfUZ6mcxg\njhuF0wKBgA9hrOYF97/Py30zUuVzg/TXVVQOuqTOczvNTG84ZTvPQnrPPpM3Z9l5\ndUce4Ps6ZMWroa58IoPkHF+GpHzkj8ZkLCWXImBZqgJDAj5iMg5zS/8EeJfv1K4z\n7RmLk2xFNDtH5jLKOYDFIpZsyQ/7cDtf2swDbwV/+MzoH1jxaChw\n-----END RSA PRIVATE KEY-----\n",
                            "vars.region": "us-ashburn-1",
                            "vars.tenancy_ocid": "ocid1.tenancy.oc1..aaaaaaaackopa27emaz4uteg4sseutmk3qq73iyoymttpyjdu34bilvxo3da",
                            "vars.user_ocid": "ocid1.user.oc1..aaaaaaaad32pktw7gnujshscuqani3rufpm4h664t5s6g2ozgsbmjmsiybrq"
                        },
                        "meta": {},
                        "tainted": false
                    },
                    "deposed": [],
                    "provider": "provider.template"
                },
                "oci_core_instance.PublicInstance": {
                    "type": "oci_core_instance",
                    "depends_on": [
                        "data.oci_identity_availability_domains.ads"
                    ],
                    "primary": {
                        "id": "ocid1.instance.oc1.iad.abuwcljtxaa7lvdsuych4yzgbzta4o4r7r3greau63vkp6doa6izome4tb4q",
                        "attributes": {
                            "agent_config.#": "1",
                            "agent_config.0.is_monitoring_disabled": "false",
                            "availability_domain": "UWQV:US-ASHBURN-AD-3",
                            "boot_volume_id": "ocid1.bootvolume.oc1.iad.abuwcljt7ymbutwnvfs4jw72hi3komzfcsjqvpnbiuncjq2jqhmy4ygb5wyq",
                            "compartment_id": "ocid1.compartment.oc1..aaaaaaaabsv7hnaozvjazwtzbid6kt2nsimfisb5nmsyhurqsctq5ipiizja",
                            "create_vnic_details.#": "1",
                            "create_vnic_details.0.assign_public_ip": "true",
                            "create_vnic_details.0.defined_tags.%": "0",
                            "create_vnic_details.0.display_name": "primaryvnic",
                            "create_vnic_details.0.freeform_tags.%": "0",
                            "create_vnic_details.0.hostname_label": "tfexampleinstance",
                            "create_vnic_details.0.nsg_ids.#": "0",
                            "create_vnic_details.0.private_ip": "10.0.2.2",
                            "create_vnic_details.0.skip_source_dest_check": "false",
                            "create_vnic_details.0.subnet_id": "ocid1.subnet.oc1.iad.aaaaaaaaroor4artzrlauzb7rm7tmgr5stabvhotysh3wdmervgddejbehla",
                            "defined_tags.%": "0",
                            "display_name": "TFInstance0",
                            "fault_domain": "FAULT-DOMAIN-3",
                            "freeform_tags.%": "0",
                            "hostname_label": "tfexampleinstance",
                            "id": "ocid1.instance.oc1.iad.abuwcljtxaa7lvdsuych4yzgbzta4o4r7r3greau63vkp6doa6izome4tb4q",
                            "image": "ocid1.image.oc1.iad.aaaaaaaaz2tw6zmfiwmbf6ofqufruviv6upzfpup35fjcbtu3un75gxglqpq",
                            "launch_mode": "NATIVE",
                            "launch_options.#": "1",
                            "launch_options.0.boot_volume_type": "PARAVIRTUALIZED",
                            "launch_options.0.firmware": "UEFI_64",
                            "launch_options.0.is_consistent_volume_naming_enabled": "true",
                            "launch_options.0.is_pv_encryption_in_transit_enabled": "true",
                            "launch_options.0.network_type": "VFIO",
                            "launch_options.0.remote_data_volume_type": "PARAVIRTUALIZED",
                            "metadata.%": "2",
                            "metadata.ssh_authorized_keys": "ssh-rsa AAAAB3NzaC1yc2EAAAADAQABAAABAQDCeUV6VwmXBBtDqvzQUUqPU0ynaE2LsJSTKyeEBBnxtXbzXcHja3s6Qwg0NIYcBRAB0P8DgqI/H40KP31DY+4Mpvi8cPhYbkc/GZn2c0zzHxc8NNkFw1IFFPZCxehLc7bMwOpQIBy8DV8exlqJniicNeBVde20p0FVCXl6DzJ4waXNOKehfiCLo5iMa1lHO6gSToqVZtmIO6Uhk+Ir9sQEOCR1siUP0MXdQUmiyslyJPD6g9gnZTWdVsykdiZ8GCb11hvDPjrUDIX2F2dpr7GiBv0KkpOE6G5CqVXsDCuAlrq8nqwFYFPoaU/wbnyRZWGUgUbC8Q4irC1JkfBVuR2B jphartma@Alder.local",
                            "metadata.user_data": "IyEvYmluL2Jhc2gKeXVtIHVwZGF0ZSAteTsKeXVtIGluc3RhbGwgLXkgeXVtLXV0aWxzIFwKZGV2aWNlLW1hcHBlci1wZXJzaXN0ZW50LWRhdGEgXApsdm0yCgp5dW0tY29uZmlnLW1hbmFnZXIgXAotLWFkZC1yZXBvIFwKaHR0cHM6Ly9kb3dubG9hZC5kb2NrZXIuY29tL2xpbnV4L2NlbnRvcy9kb2NrZXItY2UucmVwbwoKeXVtIGluc3RhbGwgLXkgZG9ja2VyLWNlIGRvY2tlci1jZS1jbGkgY29udGFpbmVyZC5pbwoKc2V0IC1vIHZpCgpta2RpciAtcCAvZXRjL3N5c3RlbWQvc3lzdGVtL2RvY2tlci5zZXJ2aWNlLmQKCigKZWNobyBbc2VydmljZV0KZWNobyBFbnZpcm9ubWVudD0iSFRUUF9QUk9YWT1odHRwOi8vd3d3LXByb3h5LWhxZGMudXMub3JhY2xlLmNvbTo4MC8iCmVjaG8gRW52aXJvbm1lbnQ9Imh0dHBfcHJveHk9aHR0cDovL3d3dy1wcm94eS1ocWRjLnVzLm9yYWNsZS5jb206ODAiCmVjaG8gRW52aXJvbm1lbnQ9IkhUVFBTX1BST1hZPWh0dHA6Ly93d3ctcHJveHktaHFkYy51cy5vcmFjbGUuY29tOjgwIgplY2hvIEVudmlyb25tZW50PSJodHRwc19wcm94eT1odHRwOi8vd3d3LXByb3h5LWhxZGMudXMub3JhY2xlLmNvbTo4MC8iCmVjaG8gRW52aXJvbm1lbnQ9Ik5PX1BST1hZPWxvY2FsaG9zdCxvcmFjbGVjb3JwLmNvbSIKKT4gL2V0Yy9zeXN0ZW1kL3N5c3RlbS9kb2NrZXIuc2VydmljZS5kL2h0dHAtcHJveHkuY29uZgpwYXVzZQoKKAplY2hvIFtTZXJ2aWNlXQplY2hvIEV4ZWNTdGFydD0KZWNobyBFbnZpcm9ubWVudEZpbGU9LS9ldGMvc3lzY29uZmlnL2RvY2tlcgplY2hvIEVudmlyb25tZW50RmlsZT0tL2V0Yy9zeXNjb25maWcvZG9ja2VyLXN0b3JhZ2UKZWNobyBFbnZpcm9ubWVudEZpbGU9LS9ldGMvc3lzY29uZmlnL2RvY2tlci1uZXR3b3JrCmVjaG8gRXhlY1N0YXJ0PS91c3IvYmluL2RvY2tlcmQgLUggdW5peDovLy92YXIvcnVuL2RvY2tlci5zb2NrIC1IIHRjcDovLzAuMC4wLjA6MjM3NSAtLWluc2VjdXJlLXJlZ2lzdHJ5PW9hYS1kZXYtbG9jYWwuZG9ja2VyaHViLWRlbi5vcmFjbGVjb3JwLmNvbQopPiAvZXRjL3N5c3RlbWQvc3lzdGVtL2RvY2tlci5zZXJ2aWNlLmQvZG9ja2VyLXN5c2NvbmZpZy5jb25mCnBhdXNlCgpzeXN0ZW1jdGwgc3RhcnQgZG9ja2VyCmRvY2tlciBwdWxsIG9hYS1kZXYtbG9jYWwuZG9ja2VyaHViLWRlbi5vcmFjbGVjb3JwLmNvbS9jb2duaXRpdmUtaW1hZ2Utc2VydmljZTowLjkuMApkb2NrZXIgcnVuIC1wIDkwOTA6ODAgLWl0IG9hYS1kZXYtbG9jYWwuZG9ja2VyaHViLWRlbi5vcmFjbGVjb3JwLmNvbS9jb2duaXRpdmUtaW1hZ2Utc2VydmljZTowLjkuMAo=",
                            "preserve_boot_volume": "false",
                            "private_ip": "10.0.2.2",
                            "public_ip": "129.213.61.107",
                            "region": "iad",
                            "shape": "VM.Standard2.1",
                            "source_details.#": "1",
                            "source_details.0.boot_volume_size_in_gbs": "47",
                            "source_details.0.kms_key_id": "",
                            "source_details.0.source_id": "ocid1.image.oc1.iad.aaaaaaaaz2tw6zmfiwmbf6ofqufruviv6upzfpup35fjcbtu3un75gxglqpq",
                            "source_details.0.source_type": "image",
                            "state": "RUNNING",
                            "subnet_id": "ocid1.subnet.oc1.iad.aaaaaaaaroor4artzrlauzb7rm7tmgr5stabvhotysh3wdmervgddejbehla",
                            "time_created": "2019-08-06 19:55:05.495 +0000 UTC",
                            "time_maintenance_reboot_due": ""
                        },
                        "meta": {
                            "e2bfb730-ecaa-11e6-8f88-34363bc7c4c0": {
                                "create": 1200000000000,
                                "delete": 7200000000000,
                                "update": 7200000000000
                            }
                        },
                        "tainted": false
                    },
                    "deposed": [],
                    "provider": "provider.oci"
                }
            },
            "depends_on": []
        },
        {
            "path": [
                "root",
                "database"
            ],
            "outputs": {},
            "resources": {},
            "depends_on": []
        },
        {
            "path": [
                "root",
                "network"
            ],
            "outputs": {
                "subnet_a": {
                    "sensitive": false,
                    "type": "string",
                    "value": "ocid1.subnet.oc1.iad.aaaaaaaarrsqw2l7waiw6oh3rtditjy4vfvvgwbvosrglomw3xdzugzyhhba"
                },
                "subnet_b": {
                    "sensitive": false,
                    "type": "string",
                    "value": "ocid1.subnet.oc1.iad.aaaaaaaaroor4artzrlauzb7rm7tmgr5stabvhotysh3wdmervgddejbehla"
                },
                "vcn_id": {
                    "sensitive": false,
                    "type": "string",
                    "value": "ocid1.vcn.oc1.iad.aaaaaaaagozqtlykqzgl7saeprwvehq67vaboz7unipbsvc6w4wb3pyb7o4q"
                }
            },
            "resources": {
                "data.oci_identity_availability_domains.ads": {
                    "type": "oci_identity_availability_domains",
                    "depends_on": [],
                    "primary": {
                        "id": "2019-08-06 19:55:01.697513 +0000 UTC",
                        "attributes": {
                            "availability_domains.#": "3",
                            "availability_domains.0.compartment_id": "ocid1.compartment.oc1..aaaaaaaabsv7hnaozvjazwtzbid6kt2nsimfisb5nmsyhurqsctq5ipiizja",
                            "availability_domains.0.id": "ocid1.availabilitydomain.oc1..aaaaaaaauvt2n7pijol7uqgdnnsoojcukrijtmcltvfwxazmitk235wyohta",
                            "availability_domains.0.name": "UWQV:US-ASHBURN-AD-1",
                            "availability_domains.1.compartment_id": "ocid1.compartment.oc1..aaaaaaaabsv7hnaozvjazwtzbid6kt2nsimfisb5nmsyhurqsctq5ipiizja",
                            "availability_domains.1.id": "ocid1.availabilitydomain.oc1..aaaaaaaaztunlny6ae4yw2vghp5go2zceaonwp6wiioe3tnh2vlaxjjl2n3a",
                            "availability_domains.1.name": "UWQV:US-ASHBURN-AD-2",
                            "availability_domains.2.compartment_id": "ocid1.compartment.oc1..aaaaaaaabsv7hnaozvjazwtzbid6kt2nsimfisb5nmsyhurqsctq5ipiizja",
                            "availability_domains.2.id": "ocid1.availabilitydomain.oc1..aaaaaaaatrwxaogr7dl4yschqtrmqrdv6uzis3mgbnomiagqrfhcb7mxsfdq",
                            "availability_domains.2.name": "UWQV:US-ASHBURN-AD-3",
                            "compartment_id": "ocid1.compartment.oc1..aaaaaaaabsv7hnaozvjazwtzbid6kt2nsimfisb5nmsyhurqsctq5ipiizja",
                            "id": "2019-08-06 19:55:01.697513 +0000 UTC"
                        },
                        "meta": {},
                        "tainted": false
                    },
                    "deposed": [],
                    "provider": "provider.oci"
                },
                "oci_core_internet_gateway.gateway": {
                    "type": "oci_core_internet_gateway",
                    "depends_on": [
                        "oci_core_vcn.default_vcn"
                    ],
                    "primary": {
                        "id": "ocid1.internetgateway.oc1.iad.aaaaaaaa7ug2swve3k4ipwwhtgmnccy6eqkpxlwhrdyyd7zybfxenapzelxq",
                        "attributes": {
                            "compartment_id": "ocid1.compartment.oc1..aaaaaaaabsv7hnaozvjazwtzbid6kt2nsimfisb5nmsyhurqsctq5ipiizja",
                            "defined_tags.%": "0",
                            "display_name": "Frontend Internet Gateway",
                            "enabled": "true",
                            "freeform_tags.%": "0",
                            "id": "ocid1.internetgateway.oc1.iad.aaaaaaaa7ug2swve3k4ipwwhtgmnccy6eqkpxlwhrdyyd7zybfxenapzelxq",
                            "state": "AVAILABLE",
                            "time_created": "2019-08-06 19:55:03.558 +0000 UTC",
                            "vcn_id": "ocid1.vcn.oc1.iad.aaaaaaaagozqtlykqzgl7saeprwvehq67vaboz7unipbsvc6w4wb3pyb7o4q"
                        },
                        "meta": {
                            "e2bfb730-ecaa-11e6-8f88-34363bc7c4c0": {
                                "create": 900000000000,
                                "delete": 900000000000,
                                "update": 900000000000
                            }
                        },
                        "tainted": false
                    },
                    "deposed": [],
                    "provider": "provider.oci"
                },
                "oci_core_route_table.private_route_table": {
                    "type": "oci_core_route_table",
                    "depends_on": [
                        "oci_core_vcn.default_vcn"
                    ],
                    "primary": {
                        "id": "ocid1.routetable.oc1.iad.aaaaaaaabtovtd367iqhc3ukmp55veb3onjxjjyuvbwp6ogy7gpof7qt4s6a",
                        "attributes": {
                            "compartment_id": "ocid1.compartment.oc1..aaaaaaaabsv7hnaozvjazwtzbid6kt2nsimfisb5nmsyhurqsctq5ipiizja",
                            "defined_tags.%": "0",
                            "display_name": "Backend Route Table",
                            "freeform_tags.%": "0",
                            "id": "ocid1.routetable.oc1.iad.aaaaaaaabtovtd367iqhc3ukmp55veb3onjxjjyuvbwp6ogy7gpof7qt4s6a",
                            "route_rules.#": "1",
                            "route_rules.4059492274.cidr_block": "",
                            "route_rules.4059492274.destination": "all-iad-services-in-oracle-services-network",
                            "route_rules.4059492274.destination_type": "SERVICE_CIDR_BLOCK",
                            "route_rules.4059492274.network_entity_id": "ocid1.servicegateway.oc1.iad.aaaaaaaa2aikk7cfqu4wgoxj656zyxmevpclmx3sr5cueyjzjfoxbsfyzhzq",
                            "state": "AVAILABLE",
                            "time_created": "2019-08-06 19:55:04.655 +0000 UTC",
                            "vcn_id": "ocid1.vcn.oc1.iad.aaaaaaaagozqtlykqzgl7saeprwvehq67vaboz7unipbsvc6w4wb3pyb7o4q"
                        },
                        "meta": {
                            "e2bfb730-ecaa-11e6-8f88-34363bc7c4c0": {
                                "create": 900000000000,
                                "delete": 900000000000,
                                "update": 900000000000
                            }
                        },
                        "tainted": false
                    },
                    "deposed": [],
                    "provider": "provider.oci"
                },
                "oci_core_route_table.route_table": {
                    "type": "oci_core_route_table",
                    "depends_on": [
                        "oci_core_internet_gateway.gateway",
                        "oci_core_vcn.default_vcn"
                    ],
                    "primary": {
                        "id": "ocid1.routetable.oc1.iad.aaaaaaaaa44o2f6zwhbynsiwhdv3ebfgys3zdsvmate3dw4ske3lh2numqfq",
                        "attributes": {
                            "compartment_id": "ocid1.compartment.oc1..aaaaaaaabsv7hnaozvjazwtzbid6kt2nsimfisb5nmsyhurqsctq5ipiizja",
                            "defined_tags.%": "0",
                            "display_name": "Frontend Route Table",
                            "freeform_tags.%": "0",
                            "id": "ocid1.routetable.oc1.iad.aaaaaaaaa44o2f6zwhbynsiwhdv3ebfgys3zdsvmate3dw4ske3lh2numqfq",
                            "route_rules.#": "1",
                            "route_rules.140863743.cidr_block": "",
                            "route_rules.140863743.destination": "0.0.0.0/0",
                            "route_rules.140863743.destination_type": "CIDR_BLOCK",
                            "route_rules.140863743.network_entity_id": "ocid1.internetgateway.oc1.iad.aaaaaaaa7ug2swve3k4ipwwhtgmnccy6eqkpxlwhrdyyd7zybfxenapzelxq",
                            "state": "AVAILABLE",
                            "time_created": "2019-08-06 19:55:04.014 +0000 UTC",
                            "vcn_id": "ocid1.vcn.oc1.iad.aaaaaaaagozqtlykqzgl7saeprwvehq67vaboz7unipbsvc6w4wb3pyb7o4q"
                        },
                        "meta": {
                            "e2bfb730-ecaa-11e6-8f88-34363bc7c4c0": {
                                "create": 900000000000,
                                "delete": 900000000000,
                                "update": 900000000000
                            }
                        },
                        "tainted": false
                    },
                    "deposed": [],
                    "provider": "provider.oci"
                },
                "oci_core_security_list.private_security_list": {
                    "type": "oci_core_security_list",
                    "depends_on": [
                        "oci_core_vcn.default_vcn"
                    ],
                    "primary": {
                        "id": "ocid1.securitylist.oc1.iad.aaaaaaaaxlmbqtxfi7adsp3wcfw7f4e6cm444cwn47vzz3xfntywne2vlqra",
                        "attributes": {
                            "compartment_id": "ocid1.compartment.oc1..aaaaaaaabsv7hnaozvjazwtzbid6kt2nsimfisb5nmsyhurqsctq5ipiizja",
                            "defined_tags.%": "0",
                            "display_name": "Backend Security List",
                            "egress_security_rules.#": "2",
                            "egress_security_rules.1582479153.destination": "0.0.0.0/0",
                            "egress_security_rules.1582479153.destination_type": "CIDR_BLOCK",
                            "egress_security_rules.1582479153.icmp_options.#": "0",
                            "egress_security_rules.1582479153.protocol": "all",
                            "egress_security_rules.1582479153.stateless": "false",
                            "egress_security_rules.1582479153.tcp_options.#": "0",
                            "egress_security_rules.1582479153.udp_options.#": "0",
                            "egress_security_rules.931196246.destination": "all-iad-services-in-oracle-services-network",
                            "egress_security_rules.931196246.destination_type": "SERVICE_CIDR_BLOCK",
                            "egress_security_rules.931196246.icmp_options.#": "0",
                            "egress_security_rules.931196246.protocol": "all",
                            "egress_security_rules.931196246.stateless": "false",
                            "egress_security_rules.931196246.tcp_options.#": "0",
                            "egress_security_rules.931196246.udp_options.#": "0",
                            "freeform_tags.%": "0",
                            "id": "ocid1.securitylist.oc1.iad.aaaaaaaaxlmbqtxfi7adsp3wcfw7f4e6cm444cwn47vzz3xfntywne2vlqra",
                            "ingress_security_rules.#": "4",
                            "ingress_security_rules.1656913282.icmp_options.#": "0",
                            "ingress_security_rules.1656913282.protocol": "6",
                            "ingress_security_rules.1656913282.source": "10.0.2.0/24",
                            "ingress_security_rules.1656913282.source_type": "CIDR_BLOCK",
                            "ingress_security_rules.1656913282.stateless": "false",
                            "ingress_security_rules.1656913282.tcp_options.#": "1",
                            "ingress_security_rules.1656913282.tcp_options.0.max": "80",
                            "ingress_security_rules.1656913282.tcp_options.0.min": "80",
                            "ingress_security_rules.1656913282.tcp_options.0.source_port_range.#": "0",
                            "ingress_security_rules.1656913282.udp_options.#": "0",
                            "ingress_security_rules.2251877072.icmp_options.#": "0",
                            "ingress_security_rules.2251877072.protocol": "6",
                            "ingress_security_rules.2251877072.source": "10.0.2.0/24",
                            "ingress_security_rules.2251877072.source_type": "CIDR_BLOCK",
                            "ingress_security_rules.2251877072.stateless": "false",
                            "ingress_security_rules.2251877072.tcp_options.#": "1",
                            "ingress_security_rules.2251877072.tcp_options.0.max": "22",
                            "ingress_security_rules.2251877072.tcp_options.0.min": "22",
                            "ingress_security_rules.2251877072.tcp_options.0.source_port_range.#": "0",
                            "ingress_security_rules.2251877072.udp_options.#": "0",
                            "ingress_security_rules.2631025751.icmp_options.#": "0",
                            "ingress_security_rules.2631025751.protocol": "1",
                            "ingress_security_rules.2631025751.source": "10.0.2.0/24",
                            "ingress_security_rules.2631025751.source_type": "CIDR_BLOCK",
                            "ingress_security_rules.2631025751.stateless": "false",
                            "ingress_security_rules.2631025751.tcp_options.#": "0",
                            "ingress_security_rules.2631025751.udp_options.#": "0",
                            "ingress_security_rules.813412743.icmp_options.#": "0",
                            "ingress_security_rules.813412743.protocol": "6",
                            "ingress_security_rules.813412743.source": "10.0.2.0/24",
                            "ingress_security_rules.813412743.source_type": "CIDR_BLOCK",
                            "ingress_security_rules.813412743.stateless": "false",
                            "ingress_security_rules.813412743.tcp_options.#": "1",
                            "ingress_security_rules.813412743.tcp_options.0.max": "8080",
                            "ingress_security_rules.813412743.tcp_options.0.min": "8080",
                            "ingress_security_rules.813412743.tcp_options.0.source_port_range.#": "0",
                            "ingress_security_rules.813412743.udp_options.#": "0",
                            "state": "AVAILABLE",
                            "time_created": "2019-08-06 19:55:03.624 +0000 UTC",
                            "vcn_id": "ocid1.vcn.oc1.iad.aaaaaaaagozqtlykqzgl7saeprwvehq67vaboz7unipbsvc6w4wb3pyb7o4q"
                        },
                        "meta": {
                            "e2bfb730-ecaa-11e6-8f88-34363bc7c4c0": {
                                "create": 900000000000,
                                "delete": 900000000000,
                                "update": 900000000000
                            }
                        },
                        "tainted": false
                    },
                    "deposed": [],
                    "provider": "provider.oci"
                },
                "oci_core_subnet.subnet_a": {
                    "type": "oci_core_subnet",
                    "depends_on": [
                        "data.oci_identity_availability_domains.ads",
                        "oci_core_route_table.private_route_table",
                        "oci_core_security_list.private_security_list",
                        "oci_core_vcn.default_vcn"
                    ],
                    "primary": {
                        "id": "ocid1.subnet.oc1.iad.aaaaaaaarrsqw2l7waiw6oh3rtditjy4vfvvgwbvosrglomw3xdzugzyhhba",
                        "attributes": {
                            "availability_domain": "UWQV:US-ASHBURN-AD-3",
                            "cidr_block": "10.0.1.0/24",
                            "compartment_id": "ocid1.compartment.oc1..aaaaaaaabsv7hnaozvjazwtzbid6kt2nsimfisb5nmsyhurqsctq5ipiizja",
                            "defined_tags.%": "0",
                            "dhcp_options_id": "ocid1.dhcpoptions.oc1.iad.aaaaaaaah6c3rejzeabekd2of2awdyll6b4u7kkyq75wxwfymqiz2kdwxqra",
                            "display_name": "Backend Subnet",
                            "dns_label": "privsub",
                            "freeform_tags.%": "0",
                            "id": "ocid1.subnet.oc1.iad.aaaaaaaarrsqw2l7waiw6oh3rtditjy4vfvvgwbvosrglomw3xdzugzyhhba",
                            "prohibit_public_ip_on_vnic": "true",
                            "route_table_id": "ocid1.routetable.oc1.iad.aaaaaaaabtovtd367iqhc3ukmp55veb3onjxjjyuvbwp6ogy7gpof7qt4s6a",
                            "security_list_ids.#": "1",
                            "security_list_ids.183372552": "ocid1.securitylist.oc1.iad.aaaaaaaaxlmbqtxfi7adsp3wcfw7f4e6cm444cwn47vzz3xfntywne2vlqra",
                            "state": "AVAILABLE",
                            "subnet_domain_name": "privsub.vcn.oraclevcn.com",
                            "time_created": "2019-08-06 19:55:04.913 +0000 UTC",
                            "vcn_id": "ocid1.vcn.oc1.iad.aaaaaaaagozqtlykqzgl7saeprwvehq67vaboz7unipbsvc6w4wb3pyb7o4q",
                            "virtual_router_ip": "10.0.1.1",
                            "virtual_router_mac": "00:00:17:39:7F:61"
                        },
                        "meta": {
                            "e2bfb730-ecaa-11e6-8f88-34363bc7c4c0": {
                                "create": 900000000000,
                                "delete": 900000000000,
                                "update": 900000000000
                            }
                        },
                        "tainted": false
                    },
                    "deposed": [],
                    "provider": "provider.oci"
                },
                "oci_core_subnet.subnet_b": {
                    "type": "oci_core_subnet",
                    "depends_on": [
                        "data.oci_identity_availability_domains.ads",
                        "oci_core_route_table.route_table",
                        "oci_core_vcn.default_vcn"
                    ],
                    "primary": {
                        "id": "ocid1.subnet.oc1.iad.aaaaaaaaroor4artzrlauzb7rm7tmgr5stabvhotysh3wdmervgddejbehla",
                        "attributes": {
                            "availability_domain": "UWQV:US-ASHBURN-AD-3",
                            "cidr_block": "10.0.2.0/24",
                            "compartment_id": "ocid1.compartment.oc1..aaaaaaaabsv7hnaozvjazwtzbid6kt2nsimfisb5nmsyhurqsctq5ipiizja",
                            "defined_tags.%": "0",
                            "dhcp_options_id": "ocid1.dhcpoptions.oc1.iad.aaaaaaaah6c3rejzeabekd2of2awdyll6b4u7kkyq75wxwfymqiz2kdwxqra",
                            "display_name": "Frontend Subnet",
                            "dns_label": "pubsub",
                            "freeform_tags.%": "0",
                            "id": "ocid1.subnet.oc1.iad.aaaaaaaaroor4artzrlauzb7rm7tmgr5stabvhotysh3wdmervgddejbehla",
                            "prohibit_public_ip_on_vnic": "false",
                            "route_table_id": "ocid1.routetable.oc1.iad.aaaaaaaaa44o2f6zwhbynsiwhdv3ebfgys3zdsvmate3dw4ske3lh2numqfq",
                            "security_list_ids.#": "1",
                            "security_list_ids.4273844662": "ocid1.securitylist.oc1.iad.aaaaaaaac4tkkxr4tnst2yxjxeimrfkge3f6qg6ikaqnmkyjvdr6zzja7oca",
                            "state": "AVAILABLE",
                            "subnet_domain_name": "pubsub.vcn.oraclevcn.com",
                            "time_created": "2019-08-06 19:55:04.298 +0000 UTC",
                            "vcn_id": "ocid1.vcn.oc1.iad.aaaaaaaagozqtlykqzgl7saeprwvehq67vaboz7unipbsvc6w4wb3pyb7o4q",
                            "virtual_router_ip": "10.0.2.1",
                            "virtual_router_mac": "00:00:17:39:7F:61"
                        },
                        "meta": {
                            "e2bfb730-ecaa-11e6-8f88-34363bc7c4c0": {
                                "create": 900000000000,
                                "delete": 900000000000,
                                "update": 900000000000
                            }
                        },
                        "tainted": false
                    },
                    "deposed": [],
                    "provider": "provider.oci"
                },
                "oci_core_vcn.default_vcn": {
                    "type": "oci_core_vcn",
                    "depends_on": [],
                    "primary": {
                        "id": "ocid1.vcn.oc1.iad.aaaaaaaagozqtlykqzgl7saeprwvehq67vaboz7unipbsvc6w4wb3pyb7o4q",
                        "attributes": {
                            "cidr_block": "10.0.0.0/16",
                            "compartment_id": "ocid1.compartment.oc1..aaaaaaaabsv7hnaozvjazwtzbid6kt2nsimfisb5nmsyhurqsctq5ipiizja",
                            "default_dhcp_options_id": "ocid1.dhcpoptions.oc1.iad.aaaaaaaah6c3rejzeabekd2of2awdyll6b4u7kkyq75wxwfymqiz2kdwxqra",
                            "default_route_table_id": "ocid1.routetable.oc1.iad.aaaaaaaaoqu7nyx76de7cgovsbmlmnltspf2k5vw3dxudzkzzio2feux6dbq",
                            "default_security_list_id": "ocid1.securitylist.oc1.iad.aaaaaaaac4tkkxr4tnst2yxjxeimrfkge3f6qg6ikaqnmkyjvdr6zzja7oca",
                            "defined_tags.%": "0",
                            "display_name": "Public_Safety_VCN",
                            "dns_label": "vcn",
                            "freeform_tags.%": "0",
                            "id": "ocid1.vcn.oc1.iad.aaaaaaaagozqtlykqzgl7saeprwvehq67vaboz7unipbsvc6w4wb3pyb7o4q",
                            "state": "AVAILABLE",
                            "time_created": "2019-08-06 19:55:03.187 +0000 UTC",
                            "vcn_domain_name": "vcn.oraclevcn.com"
                        },
                        "meta": {
                            "e2bfb730-ecaa-11e6-8f88-34363bc7c4c0": {
                                "create": 900000000000,
                                "delete": 900000000000,
                                "update": 900000000000
                            }
                        },
                        "tainted": false
                    },
                    "deposed": [],
                    "provider": "provider.oci"
                }
            },
            "depends_on": []
        },
        {
            "path": [
                "root",
                "servicegateway"
            ],
            "outputs": {
                "destination": {
                    "sensitive": false,
                    "type": "string",
                    "value": "all-iad-services-in-oracle-services-network"
                },
                "service_gateway_id": {
                    "sensitive": false,
                    "type": "string",
                    "value": "ocid1.servicegateway.oc1.iad.aaaaaaaa2aikk7cfqu4wgoxj656zyxmevpclmx3sr5cueyjzjfoxbsfyzhzq"
                },
                "service_gateways": {
                    "sensitive": false,
                    "type": "list",
                    "value": []
                },
                "services": {
                    "sensitive": false,
                    "type": "list",
                    "value": [
                        {
                            "cidr_block": "all-iad-services-in-oracle-services-network",
                            "description": "All IAD Services In Oracle Services Network",
                            "id": "ocid1.service.oc1.iad.aaaaaaaam4zfmy2rjue6fmglumm3czgisxzrnvrwqeodtztg7hwa272mlfna",
                            "name": "All IAD Services In Oracle Services Network"
                        }
                    ]
                }
            },
            "resources": {
                "data.oci_core_service_gateways.test_service_gateways": {
                    "type": "oci_core_service_gateways",
                    "depends_on": [],
                    "primary": {
                        "id": "2019-08-06 19:55:03.695591 +0000 UTC",
                        "attributes": {
                            "compartment_id": "ocid1.compartment.oc1..aaaaaaaabsv7hnaozvjazwtzbid6kt2nsimfisb5nmsyhurqsctq5ipiizja",
                            "id": "2019-08-06 19:55:03.695591 +0000 UTC",
                            "service_gateways.#": "0",
                            "state": "AVAILABLE",
                            "vcn_id": "ocid1.vcn.oc1.iad.aaaaaaaagozqtlykqzgl7saeprwvehq67vaboz7unipbsvc6w4wb3pyb7o4q"
                        },
                        "meta": {},
                        "tainted": false
                    },
                    "deposed": [],
                    "provider": "provider.oci"
                },
                "data.oci_core_services.test_services": {
                    "type": "oci_core_services",
                    "depends_on": [],
                    "primary": {
                        "id": "2019-08-06 19:55:01.83745 +0000 UTC",
                        "attributes": {
                            "filter.#": "1",
                            "filter.3810912831.name": "name",
                            "filter.3810912831.regex": "true",
                            "filter.3810912831.values.#": "1",
                            "filter.3810912831.values.0": "All .* Services In Oracle Services Network",
                            "id": "2019-08-06 19:55:01.83745 +0000 UTC",
                            "services.#": "1",
                            "services.0.cidr_block": "all-iad-services-in-oracle-services-network",
                            "services.0.description": "All IAD Services In Oracle Services Network",
                            "services.0.id": "ocid1.service.oc1.iad.aaaaaaaam4zfmy2rjue6fmglumm3czgisxzrnvrwqeodtztg7hwa272mlfna",
                            "services.0.name": "All IAD Services In Oracle Services Network"
                        },
                        "meta": {},
                        "tainted": false
                    },
                    "deposed": [],
                    "provider": "provider.oci"
                },
                "oci_core_service_gateway.test_service_gateway": {
                    "type": "oci_core_service_gateway",
                    "depends_on": [
                        "data.oci_core_services.test_services"
                    ],
                    "primary": {
                        "id": "ocid1.servicegateway.oc1.iad.aaaaaaaa2aikk7cfqu4wgoxj656zyxmevpclmx3sr5cueyjzjfoxbsfyzhzq",
                        "attributes": {
                            "block_traffic": "false",
                            "compartment_id": "ocid1.compartment.oc1..aaaaaaaabsv7hnaozvjazwtzbid6kt2nsimfisb5nmsyhurqsctq5ipiizja",
                            "defined_tags.%": "0",
                            "display_name": "servicegateway20190806195504",
                            "freeform_tags.%": "0",
                            "id": "ocid1.servicegateway.oc1.iad.aaaaaaaa2aikk7cfqu4wgoxj656zyxmevpclmx3sr5cueyjzjfoxbsfyzhzq",
                            "services.#": "1",
                            "services.2424324964.service_id": "ocid1.service.oc1.iad.aaaaaaaam4zfmy2rjue6fmglumm3czgisxzrnvrwqeodtztg7hwa272mlfna",
                            "services.2424324964.service_name": "All IAD Services In Oracle Services Network",
                            "state": "AVAILABLE",
                            "time_created": "2019-08-06 19:55:04.14 +0000 UTC",
                            "vcn_id": "ocid1.vcn.oc1.iad.aaaaaaaagozqtlykqzgl7saeprwvehq67vaboz7unipbsvc6w4wb3pyb7o4q"
                        },
                        "meta": {
                            "e2bfb730-ecaa-11e6-8f88-34363bc7c4c0": {
                                "create": 900000000000,
                                "delete": 900000000000,
                                "update": 900000000000
                            }
                        },
                        "tainted": false
                    },
                    "deposed": [],
                    "provider": "provider.oci"
                }
            },
            "depends_on": []
        }
    ]
}
