{
	"name": "evaluateimage",
	"version": "1.0.0",
	"lockfileVersion": 1,
	"requires": true,
	"dependencies": {
		"@fnproject/fdk": {
			"version": "0.0.15",
			"resolved": "https://registry.npmjs.org/@fnproject/fdk/-/fdk-0.0.15.tgz",
			"integrity": "sha512-tNsbmo7IHwxYV0GRFW0naI+pBxVWqUT8oC6hWkwRXLFk/F+YO4KAe7gNgcTSeQsZ+I6R48GblrneYfqLWhKbhQ=="
		},
		"fs": {
			"version": "0.0.1-security",
			"resolved": "https://registry.npmjs.org/fs/-/fs-0.0.1-security.tgz",
			"integrity": "sha1-invTcYa23d84E/I4WLV+yq9eQdQ="
		},
		"node-fetch": {
			"version": "2.6.0",
			"resolved": "https://registry.npmjs.org/node-fetch/-/node-fetch-2.6.0.tgz",
			"integrity": "sha512-8dG4H5ujfvFiqDmVu9fQ5bOHUC15JMjMY/Zumv26oOvvVJjM67KF8koCWIabKQ1GJIa9r2mMZscBq/TbdOcmNA=="
		}
	}
}
